# THIS IS AN AUTOGENERATED FILE. DO NOT EDIT THIS FILE DIRECTLY.
# yarn lockfile v1


cropperjs@^1.5.6:
  version "1.5.7"
  resolved "https://registry.yarnpkg.com/cropperjs/-/cropperjs-1.5.7.tgz#b65019725bae1c6285e881fb661b2141fa57025b"
  integrity sha512-sGj+G/ofKh+f6A4BtXLJwtcKJgMUsXYVUubfTo9grERiDGXncttefmue/fyQFvn8wfdyoD1KhDRYLfjkJFl0yw==
