# THIS IS AN AUTOGENERATED FILE. DO NOT EDIT THIS FILE DIRECTLY.
# yarn lockfile v1


"@babel/runtime@^7.0.0":
  version "7.11.2"
  resolved "https://registry.npmjs.org/@babel/runtime/-/runtime-7.11.2.tgz#f549c13c754cc40b87644b9fa9f09a6a95fe0736"
  integrity sha512-TeWkU52so0mPtDcaCTxNBI/IHiz0pZgr8VEFqXFtZWpYD08ZB6FaSwVAS8MKRQAP3bYKiVjwysOJgMFY28o6Tw==
  dependencies:
    regenerator-runtime "^0.13.4"

"@gm-common/hooks@^2.5.1-alpha.3", "@gm-common/hooks@^2.6.1":
  version "2.6.1"
  resolved "https://registry.npmjs.org/@gm-common/hooks/-/hooks-2.6.1.tgz#e7bad4d9cc219c6c68e4dd8519eab5aeb1cc5f68"
  integrity sha512-cZoGCErBIap0RvP9+u9l053jzCr9SlXeWsKb4g+1U3kKTKGYb+gGX61WahcqhlnA/EB2aGUsMPcFZhxN4v8KWw==
  dependencies:
    "@gm-common/tool" "^2.6.1"
    ts-config-gm-react-app "^3.0.6"

"@gm-common/tool@^2.5.1-alpha.3":
  version "2.5.1-alpha.3"
  resolved "https://registry.npmjs.org/@gm-common/tool/-/tool-2.5.1-alpha.3.tgz#5d488e8d72c252e45b768f6d115654b4fd98dd31"
  integrity sha512-+YSz7kfd9eLo6TxIj6KNL1M8/0t+j3zZKOim1DiRyp9B1oT75+chiHFjJthMWKqAK3MH94Z06YVu0ox5IEy0jg==
  dependencies:
    lodash "^4.17.19"

"@gm-common/tool@^2.6.1":
  version "2.6.1"
  resolved "https://registry.npmjs.org/@gm-common/tool/-/tool-2.6.1.tgz#8fc621ad278821773605a16543ece836de5e8f16"
  integrity sha512-+Uq5zvu+fFNq/Z1ePA6IYScJKksQkKyybjjnNi447vfTJW+dBSI1q+QWY8d/j9jb7n5200ukHOkMzeNrdGGaZg==
  dependencies:
    lodash "^4.17.19"

"@gm-pc/locales@^0.0.6":
  version "0.0.6"
  resolved "https://registry.npmjs.org/@gm-pc/locales/-/locales-0.0.6.tgz#024b3114f7bdf8cb6cf3e2e7da93272da04d6f3a"
  integrity sha512-jJVMZnlFqe0nypBH4U1aUo4KzQ9zvf79xyzrW6fAmmJj3dzvIM5O5RBYoPikbW+Y4+dJs+4Z0APG8sONvTp42w==

"@gm-pc/react@^0.0.6":
  version "0.0.6"
  resolved "https://registry.npmjs.org/@gm-pc/react/-/react-0.0.6.tgz#2c489227fa3dae6204b5b7df5a3cbed0a8fd1f84"
  integrity sha512-C8AU/LmrcTSlGKu3Evqiwy1V5xv9nszSQdVwTafIcEt+52nv1i6Evk9QhfFpYcaM6rN/soJW55b24CZEFO2/Fg==
  dependencies:
    "@gm-common/hooks" "^2.5.1-alpha.3"
    "@gm-common/tool" "^2.5.1-alpha.3"
    "@gm-pc/locales" "^0.0.6"
    big.js "^5.2.2"
    classnames "^2.2.5"
    lodash "^4.17.19"
    moment "^2.24.0"
    normalize.css "^8.0.1"

"@gm-pc/table-x@^0.0.6":
  version "0.0.6"
  resolved "https://registry.npmjs.org/@gm-pc/table-x/-/table-x-0.0.6.tgz#917fbeed580b4f5f577df8623b4fe37752e6a7c4"
  integrity sha512-F37ttkeCDByWi1ZodCfGnVnF4pKoXSTRxZXy+lCzScwC8SLBzbBdGdR8iGs2c1UiViLHLLWql1SkI3tKtk1DWw==
  dependencies:
    "@gm-common/tool" "^2.5.1-alpha.3"
    "@gm-pc/locales" "^0.0.6"
    "@gm-pc/react" "^0.0.6"
    classnames "^2.2.5"
    lodash "^4.17.19"
    react-table "7.0.0-rc.11"
    react-window "^1.8.5"
    sortablejs "^1.10.1"

big.js@^5.2.2:
  version "5.2.2"
  resolved "https://registry.npmjs.org/big.js/-/big.js-5.2.2.tgz#65f0af382f578bcdc742bd9c281e9cb2d7768328"
  integrity sha512-vyL2OymJxmarO8gxMr0mhChsO9QGwhynfuu4+MHTAW6czfq9humCB7rKpUjDd9YUiDPU4mzpyupFSvOClAwbmQ==

classnames@^2.2.5:
  version "2.2.6"
  resolved "https://registry.npmjs.org/classnames/-/classnames-2.2.6.tgz#43935bffdd291f326dad0a205309b38d00f650ce"
  integrity sha512-JR/iSQOSt+LQIWwrwEzJ9uk0xfN3mTVYMwt1Ir5mUcSN6pU+V4zQFFaJsclJbPuAUQH+yfWef6tm7l1quW3C8Q==

lodash@^4.17.19:
  version "4.17.20"
  resolved "https://registry.npmjs.org/lodash/-/lodash-4.17.20.tgz#b44a9b6297bcb698f1c51a3545a2b3b368d59c52"
  integrity sha512-PlhdFcillOINfeV7Ni6oF1TAEayyZBoZ8bcshTHqOYJYlrqzRK5hagpagky5o4HfCzzd1TRkXPMFq6cKk9rGmA==

"memoize-one@>=3.1.1 <6":
  version "5.1.1"
  resolved "https://registry.npmjs.org/memoize-one/-/memoize-one-5.1.1.tgz#047b6e3199b508eaec03504de71229b8eb1d75c0"
  integrity sha512-HKeeBpWvqiVJD57ZUAsJNm71eHTykffzcLZVYWiVfQeI1rJtuEaS7hQiEpWfVVk18donPwJEcFKIkCmPJNOhHA==

moment@^2.24.0:
  version "2.29.1"
  resolved "https://registry.npmjs.org/moment/-/moment-2.29.1.tgz#b2be769fa31940be9eeea6469c075e35006fa3d3"
  integrity sha512-kHmoybcPV8Sqy59DwNDY3Jefr64lK/by/da0ViFcuA4DH0vQg5Q6Ze5VimxkfQNSC+Mls/Kx53s7TjP1RhFEDQ==

normalize.css@^8.0.1:
  version "8.0.1"
  resolved "https://registry.npmjs.org/normalize.css/-/normalize.css-8.0.1.tgz#9b98a208738b9cc2634caacbc42d131c97487bf3"
  integrity sha512-qizSNPO93t1YUuUhP22btGOo3chcvDFqFaj2TRybP0DMxkHOCTYwp3n34fel4a31ORXy4m1Xq0Gyqpb5m33qIg==

react-table@7.0.0-rc.11:
  version "7.0.0-rc.11"
  resolved "https://registry.npmjs.org/react-table/-/react-table-7.0.0-rc.11.tgz#98c5299ce16a09c8899727955fb4505bd1ed64ac"
  integrity sha512-Wj2amgPpi69MyMvjIQZMTp+bhun5uAjBtHbDIfAT5n/xa3DN0Frby5aSlMmrmbuWAIB3BLM2ak6hfkuWspXX/A==

react-window@^1.8.5:
  version "1.8.5"
  resolved "https://registry.npmjs.org/react-window/-/react-window-1.8.5.tgz#a56b39307e79979721021f5d06a67742ecca52d1"
  integrity sha512-HeTwlNa37AFa8MDZFZOKcNEkuF2YflA0hpGPiTT9vR7OawEt+GZbfM6wqkBahD3D3pUjIabQYzsnY/BSJbgq6Q==
  dependencies:
    "@babel/runtime" "^7.0.0"
    memoize-one ">=3.1.1 <6"

regenerator-runtime@^0.13.4:
  version "0.13.7"
  resolved "https://registry.npmjs.org/regenerator-runtime/-/regenerator-runtime-0.13.7.tgz#cac2dacc8a1ea675feaabaeb8ae833898ae46f55"
  integrity sha512-a54FxoJDIr27pgf7IgeQGxmqUNYrcV338lf/6gH456HZ/PhX+5BcwHXG9ajESmwe6WRO0tAzRUrRmNONWgkrew==

sortablejs@^1.10.1:
  version "1.12.0"
  resolved "https://registry.npmjs.org/sortablejs/-/sortablejs-1.12.0.tgz#ee6d7ece3598c2af0feb1559d98595e5ea37cbd6"
  integrity sha512-bPn57rCjBRlt2sC24RBsu40wZsmLkSo2XeqG8k6DC1zru5eObQUIPPZAQG7W2SJ8FZQYq+BEJmvuw1Zxb3chqg==

ts-config-gm-react-app@^3.0.6:
  version "3.3.1"
  resolved "https://registry.npmjs.org/ts-config-gm-react-app/-/ts-config-gm-react-app-3.3.1.tgz#22bcc87cade46363c519a94305ff25aba0032b2e"
  integrity sha512-a9BwPLCErHXcZFdVG2GvdzS2/0UyYVqyS2oAMHXF/jEmarYIp0dt5UnVIL6KylSRQ9BnQXRrVtlkZqepKg9bzA==
