# THIS IS AN AUTOGENERATED FILE. DO NOT EDIT THIS FILE DIRECTLY.
# yarn lockfile v1


"@gm-common/hooks@^2.6.2":
  version "2.6.2"
  resolved "https://registry.npmjs.org/@gm-common/hooks/-/hooks-2.6.2.tgz#cabc70cc85f90e678751956790c9e5d0b2741e88"
  integrity sha512-9MqyfRudNeySkjY67ZWS2FxBMFj10G80tI8ftOU1IAB7ho5hBgazGt5sPhEYVzwa04YDPlXNLua3Ufp6VG1gGQ==
  dependencies:
    "@gm-common/tool" "^2.6.2"
    ts-config-gm-react-app "^3.0.6"

"@gm-common/tool@^2.6.2":
  version "2.6.2"
  resolved "https://registry.npmjs.org/@gm-common/tool/-/tool-2.6.2.tgz#d77b105b15e97bc91fa80e25f2b0afb46a8a7a25"
  integrity sha512-hW1fecMMVIZ+aR5afeLYQOEPkjoq1Ff81RvdIzEkt8Ose7wEAr+UADD0gPwLErkF27qL1FT013mb5u3NNalgLw==
  dependencies:
    lodash "^4.17.19"

lodash@^4.17.19:
  version "4.17.20"
  resolved "https://registry.npmjs.org/lodash/-/lodash-4.17.20.tgz#b44a9b6297bcb698f1c51a3545a2b3b368d59c52"
  integrity sha512-PlhdFcillOINfeV7Ni6oF1TAEayyZBoZ8bcshTHqOYJYlrqzRK5hagpagky5o4HfCzzd1TRkXPMFq6cKk9rGmA==

ts-config-gm-react-app@^3.0.6:
  version "3.3.1"
  resolved "https://registry.npmjs.org/ts-config-gm-react-app/-/ts-config-gm-react-app-3.3.1.tgz#22bcc87cade46363c519a94305ff25aba0032b2e"
  integrity sha512-a9BwPLCErHXcZFdVG2GvdzS2/0UyYVqyS2oAMHXF/jEmarYIp0dt5UnVIL6KylSRQ9BnQXRrVtlkZqepKg9bzA==
