# THIS IS AN AUTOGENERATED FILE. DO NOT EDIT THIS FILE DIRECTLY.
# yarn lockfile v1


"@babel/runtime@^7.0.0":
  version "7.12.1"
  resolved "https://registry.npm.taobao.org/@babel/runtime/download/@babel/runtime-7.12.1.tgz?cache=0&sync_timestamp=1602799933339&other_urls=https%3A%2F%2Fregistry.npm.taobao.org%2F%40babel%2Fruntime%2Fdownload%2F%40babel%2Fruntime-7.12.1.tgz#b4116a6b6711d010b2dad3b7b6e43bf1b9954740"
  integrity sha1-tBFqa2cR0BCy2tO3tuQ78bmVR0A=
  dependencies:
    regenerator-runtime "^0.13.4"

"@gm-common/hooks@^2.10.0":
  version "2.12.1"
  resolved "https://registry.yarnpkg.com/@gm-common/hooks/-/hooks-2.12.1.tgz#7daf1c8db19bc817ddf423c67d6c5a025afe3836"
  integrity sha512-tV7oUnAeDsoZfoYcgk8YhfdibG598RLFku5QQMkOxErlS7nLvL+5Hc9CRMtBT+G+edommUCp6Z4FbEUlWdum3g==
  dependencies:
    "@gm-common/tool" "^2.12.1"
    ts-config-gm-react-app "^3.4.5"

"@gm-common/tool@^2.10.0":
  version "2.10.0"
  resolved "https://registry.npmmirror.com/@gm-common/tool/download/@gm-common/tool-2.10.0.tgz#f4f512233ff1118eff8bbdeca9762f0e65ce26bd"
  integrity sha1-9PUSIz/xEY7/i73sqXYvDmXOJr0=
  dependencies:
    lodash "^4.17.20"

"@gm-common/tool@^2.12.1":
  version "2.12.1"
  resolved "https://registry.yarnpkg.com/@gm-common/tool/-/tool-2.12.1.tgz#93d6c82480065b8aad65073c5da38515fbfbaae6"
  integrity sha512-fDYGxY4uSyADzxdNvoE+rpIb4soCOr1fJzkU240NpBbkWKRe4kBtCTL+uLcrMADkc35oMiaUrGudF0zIHL1e6g==
  dependencies:
    lodash "^4.17.20"

"@gm-pc/keyboard@^1.20.1":
  version "1.20.1"
  resolved "https://registry.npmmirror.com/@gm-pc/keyboard/-/keyboard-1.20.1.tgz#bb0a9824f90d7fb6904268941d83df69ee9fecfc"
  integrity sha512-loI0yk8aKVuxY8MYQLwXrSsCJtFZSZ7ECQvb7QnbCRkKhWcxFv02JzPLsOIVgttmqjT5d0fFnZp1+6Y3Ud3pxA==
  dependencies:
    "@gm-common/tool" "^2.10.0"
    "@gm-pc/react" "^1.20.1"
    "@gm-pc/table-x" "^1.20.1"
    classnames "^2.2.5"
    lodash "^4.17.19"

"@gm-pc/locales@^1.20.1":
  version "1.20.1"
  resolved "https://registry.npmmirror.com/@gm-pc/locales/-/locales-1.20.1.tgz#c307fbcbbe59f77a81bb60de979d6a180908917f"
  integrity sha512-avVDK6wDtdGfzRzkDDb9Ee16a5wxvDkRFIlsZEiGX3OUyecNEzi6gbCVr2poQCyYKRBhXG6hTbcZRIdBv8m+lw==

"@gm-pc/react@^1.20.1":
  version "1.20.1"
  resolved "https://registry.npmmirror.com/@gm-pc/react/-/react-1.20.1.tgz#038423576c8c5484c90406cb3414d5757c2c0d0a"
  integrity sha512-5IITZNEquBPOCDLAOM82q8gBeP9OVYoF1optAty8riObqCR7aM4mNARxJymPErI788tBE4v7oMdZcN6xT7hhxw==
  dependencies:
    "@gm-common/hooks" "^2.10.0"
    "@gm-common/tool" "^2.10.0"
    "@gm-pc/locales" "^1.20.1"
    big.js "^6.0.1"
    classnames "^2.2.5"
    lodash "^4.17.19"
    modern-normalize "^1.0.0"
    moment "^2.29.1"
    react-window "^1.8.5"

"@gm-pc/sortable@^1.20.1":
  version "1.20.1"
  resolved "https://registry.npmmirror.com/@gm-pc/sortable/-/sortable-1.20.1.tgz#2a9b615e17c9c6e118c20e0ad46145bdc62bd914"
  integrity sha512-yGO+KfAU86Df7MZ5ZwiOTO6s2ouFVlLMnVj8g72HzARx/3QYHpUtXMEcjjPofaI0ZjxvgsPLF+k1AghvhhTZ5w==
  dependencies:
    "@gm-common/tool" "^2.10.0"
    "@gm-pc/react" "^1.20.1"
    lodash "^4.17.19"
    sortablejs "^1.12.0"

"@gm-pc/table-x@^1.20.1":
  version "1.20.1"
  resolved "https://registry.npmmirror.com/@gm-pc/table-x/-/table-x-1.20.1.tgz#d97266937eec2e8b80f328ba749662e7d75b43ca"
  integrity sha512-vKwmOoZ2ZoqnukM3fulJY26vb4AdmB9yysiIeF36LiMG2uoGIGTIiuJugt+TGm9xzwNP0d1c7Envs5oTcWTslA==
  dependencies:
    "@gm-common/tool" "^2.10.0"
    "@gm-pc/keyboard" "^1.20.1"
    "@gm-pc/locales" "^1.20.1"
    "@gm-pc/react" "^1.20.1"
    "@gm-pc/sortable" "^1.20.1"
    "@types/react-table" "~7.0.28"
    "@types/react-window" "^1.8.2"
    "@types/sortablejs" "^1.10.6"
    classnames "^2.2.5"
    lodash "^4.17.19"
    react-table "7.0.0-rc.11"
    react-window "^1.8.5"
    sortablejs "^1.12.0"

"@types/prop-types@*":
  version "15.7.3"
  resolved "https://registry.npm.taobao.org/@types/prop-types/download/@types/prop-types-15.7.3.tgz#2ab0d5da2e5815f94b0b9d4b95d1e5f243ab2ca7"
  integrity sha1-KrDV2i5YFflLC51LldHl8kOrLKc=

"@types/react-table@~7.0.28":
  version "7.0.29"
  resolved "https://registry.nlark.com/@types/react-table/download/@types/react-table-7.0.29.tgz#af2c82f2d6a39be5bc0f191b30501309a8db0949"
  integrity sha1-ryyC8tajm+W8DxkbMFATCajbCUk=
  dependencies:
    "@types/react" "*"

"@types/react-window@^1.8.2":
  version "1.8.3"
  resolved "https://registry.nlark.com/@types/react-window/download/@types/react-window-1.8.3.tgz#14f74b144b4e3df9421eb31182dc580b7ccc7617"
  integrity sha1-FPdLFEtOPflCHrMRgtxYC3zMdhc=
  dependencies:
    "@types/react" "*"

"@types/react@*":
  version "17.0.4"
  resolved "https://registry.nlark.com/@types/react/download/@types/react-17.0.4.tgz?cache=0&sync_timestamp=1619433141889&other_urls=https%3A%2F%2Fregistry.nlark.com%2F%40types%2Freact%2Fdownload%2F%40types%2Freact-17.0.4.tgz#a67c6f7a460d2660e950d9ccc1c2f18525c28220"
  integrity sha1-pnxvekYNJmDpUNnMwcLxhSXCgiA=
  dependencies:
    "@types/prop-types" "*"
    "@types/scheduler" "*"
    csstype "^3.0.2"

"@types/scheduler@*":
  version "0.16.1"
  resolved "https://registry.npm.taobao.org/@types/scheduler/download/@types/scheduler-0.16.1.tgz?cache=0&sync_timestamp=1613384488348&other_urls=https%3A%2F%2Fregistry.npm.taobao.org%2F%40types%2Fscheduler%2Fdownload%2F%40types%2Fscheduler-0.16.1.tgz#18845205e86ff0038517aab7a18a62a6b9f71275"
  integrity sha1-GIRSBehv8AOFF6q3oYpiprn3EnU=

"@types/sortablejs@^1.10.6":
  version "1.10.6"
  resolved "https://registry.nlark.com/@types/sortablejs/download/@types/sortablejs-1.10.6.tgz#98725ae08f1dfe28b8da0fdf302c417f5ff043c0"
  integrity sha1-mHJa4I8d/ii42g/fMCxBf1/wQ8A=

big.js@^6.0.1:
  version "6.2.1"
  resolved "https://registry.yarnpkg.com/big.js/-/big.js-6.2.1.tgz#7205ce763efb17c2e41f26f121c420c6a7c2744f"
  integrity sha512-bCtHMwL9LeDIozFn+oNhhFoq+yQ3BNdnsLSASUxLciOb1vgvpHsIO1dsENiGMgbb4SkP5TrzWzRiLddn8ahVOQ==

classnames@^2.2.5:
  version "2.2.6"
  resolved "https://registry.npm.taobao.org/classnames/download/classnames-2.2.6.tgz#43935bffdd291f326dad0a205309b38d00f650ce"
  integrity sha1-Q5Nb/90pHzJtrQogUwmzjQD2UM4=

csstype@^3.0.2:
  version "3.0.8"
  resolved "https://registry.nlark.com/csstype/download/csstype-3.0.8.tgz?cache=0&sync_timestamp=1618818466657&other_urls=https%3A%2F%2Fregistry.nlark.com%2Fcsstype%2Fdownload%2Fcsstype-3.0.8.tgz#d2266a792729fb227cd216fb572f43728e1ad340"
  integrity sha1-0iZqeScp+yJ80hb7Vy9Dco4a00A=

lodash@^4.17.19, lodash@^4.17.20:
  version "4.17.20"
  resolved "https://registry.npmjs.org/lodash/-/lodash-4.17.20.tgz#b44a9b6297bcb698f1c51a3545a2b3b368d59c52"
  integrity sha512-PlhdFcillOINfeV7Ni6oF1TAEayyZBoZ8bcshTHqOYJYlrqzRK5hagpagky5o4HfCzzd1TRkXPMFq6cKk9rGmA==

"memoize-one@>=3.1.1 <6":
  version "5.1.1"
  resolved "https://registry.npm.taobao.org/memoize-one/download/memoize-one-5.1.1.tgz#047b6e3199b508eaec03504de71229b8eb1d75c0"
  integrity sha1-BHtuMZm1COrsA1BN5xIpuOsddcA=

modern-normalize@^1.0.0:
  version "1.1.0"
  resolved "https://registry.yarnpkg.com/modern-normalize/-/modern-normalize-1.1.0.tgz#da8e80140d9221426bd4f725c6e11283d34f90b7"
  integrity sha512-2lMlY1Yc1+CUy0gw4H95uNN7vjbpoED7NNRSBHE25nWfLBdmMzFCsPshlzbxHz+gYMcBEUN8V4pU16prcdPSgA==

moment@^2.29.1:
  version "2.29.1"
  resolved "https://registry.npm.taobao.org/moment/download/moment-2.29.1.tgz#b2be769fa31940be9eeea6469c075e35006fa3d3"
  integrity sha1-sr52n6MZQL6e7qZGnAdeNQBvo9M=

react-table@7.0.0-rc.11:
  version "7.0.0-rc.11"
  resolved "https://registry.npm.taobao.org/react-table/download/react-table-7.0.0-rc.11.tgz#98c5299ce16a09c8899727955fb4505bd1ed64ac"
  integrity sha1-mMUpnOFqCciJlyeVX7RQW9HtZKw=

react-window@^1.8.5:
  version "1.8.6"
  resolved "https://registry.npm.taobao.org/react-window/download/react-window-1.8.6.tgz#d011950ac643a994118632665aad0c6382e2a112"
  integrity sha1-0BGVCsZDqZQRhjJmWq0MY4LioRI=
  dependencies:
    "@babel/runtime" "^7.0.0"
    memoize-one ">=3.1.1 <6"

regenerator-runtime@^0.13.4:
  version "0.13.7"
  resolved "https://registry.npm.taobao.org/regenerator-runtime/download/regenerator-runtime-0.13.7.tgz?cache=0&sync_timestamp=1595456311465&other_urls=https%3A%2F%2Fregistry.npm.taobao.org%2Fregenerator-runtime%2Fdownload%2Fregenerator-runtime-0.13.7.tgz#cac2dacc8a1ea675feaabaeb8ae833898ae46f55"
  integrity sha1-ysLazIoepnX+qrrriugziYrkb1U=

sortablejs@^1.12.0:
  version "1.12.0"
  resolved "https://registry.npm.taobao.org/sortablejs/download/sortablejs-1.12.0.tgz?cache=0&sync_timestamp=1601884638047&other_urls=https%3A%2F%2Fregistry.npm.taobao.org%2Fsortablejs%2Fdownload%2Fsortablejs-1.12.0.tgz#ee6d7ece3598c2af0feb1559d98595e5ea37cbd6"
  integrity sha1-7m1+zjWYwq8P6xVZ2YWV5eo3y9Y=

ts-config-gm-react-app@^3.4.5:
  version "3.10.7"
  resolved "https://registry.yarnpkg.com/ts-config-gm-react-app/-/ts-config-gm-react-app-3.10.7.tgz#079ee5f12d8508a810cbd348998f7bde671b79e8"
  integrity sha512-Nri1WWW7EA5hsdoQfShLaUNrIIDN0d+fQ7m19pZC3NEO/6siJ5BbOKPKveuhtUnenlOSdXaGhb3Nc2XGs3AvRA==
