# THIS IS AN AUTOGENERATED FILE. DO NOT EDIT THIS FILE DIRECTLY.
# yarn lockfile v1


"@babel/runtime@^7.0.0":
  version "7.12.1"
  resolved "https://registry.npm.taobao.org/@babel/runtime/download/@babel/runtime-7.12.1.tgz?cache=0&sync_timestamp=1602799933339&other_urls=https%3A%2F%2Fregistry.npm.taobao.org%2F%40babel%2Fruntime%2Fdownload%2F%40babel%2Fruntime-7.12.1.tgz#b4116a6b6711d010b2dad3b7b6e43bf1b9954740"
  integrity sha1-tBFqa2cR0BCy2tO3tuQ78bmVR0A=
  dependencies:
    regenerator-runtime "^0.13.4"

"@gm-common/tool@^2.7.4":
  version "2.7.4"
  resolved "https://registry.npm.taobao.org/@gm-common/tool/download/@gm-common/tool-2.7.4.tgz#07db8aaab390f00c6793816b20cfdebc94dcd017"
  integrity sha1-B9uKqrOQ8Axnk4FrIM/evJTc0Bc=
  dependencies:
    lodash "^4.17.19"

classnames@^2.2.5:
  version "2.2.6"
  resolved "https://registry.npm.taobao.org/classnames/download/classnames-2.2.6.tgz#43935bffdd291f326dad0a205309b38d00f650ce"
  integrity sha1-Q5Nb/90pHzJtrQogUwmzjQD2UM4=

lodash@^4.17.19:
  version "4.17.20"
  resolved "https://registry.npm.taobao.org/lodash/download/lodash-4.17.20.tgz?cache=0&sync_timestamp=1597335994883&other_urls=https%3A%2F%2Fregistry.npm.taobao.org%2Flodash%2Fdownload%2Flodash-4.17.20.tgz#b44a9b6297bcb698f1c51a3545a2b3b368d59c52"
  integrity sha1-tEqbYpe8tpjxxRo1RaKzs2jVnFI=

"memoize-one@>=3.1.1 <6":
  version "5.1.1"
  resolved "https://registry.npm.taobao.org/memoize-one/download/memoize-one-5.1.1.tgz#047b6e3199b508eaec03504de71229b8eb1d75c0"
  integrity sha1-BHtuMZm1COrsA1BN5xIpuOsddcA=

react-table@7.0.0-rc.11:
  version "7.0.0-rc.11"
  resolved "https://registry.npm.taobao.org/react-table/download/react-table-7.0.0-rc.11.tgz#98c5299ce16a09c8899727955fb4505bd1ed64ac"
  integrity sha1-mMUpnOFqCciJlyeVX7RQW9HtZKw=

react-window@^1.8.5:
  version "1.8.6"
  resolved "https://registry.npm.taobao.org/react-window/download/react-window-1.8.6.tgz#d011950ac643a994118632665aad0c6382e2a112"
  integrity sha1-0BGVCsZDqZQRhjJmWq0MY4LioRI=
  dependencies:
    "@babel/runtime" "^7.0.0"
    memoize-one ">=3.1.1 <6"

regenerator-runtime@^0.13.4:
  version "0.13.7"
  resolved "https://registry.npm.taobao.org/regenerator-runtime/download/regenerator-runtime-0.13.7.tgz?cache=0&sync_timestamp=1595456311465&other_urls=https%3A%2F%2Fregistry.npm.taobao.org%2Fregenerator-runtime%2Fdownload%2Fregenerator-runtime-0.13.7.tgz#cac2dacc8a1ea675feaabaeb8ae833898ae46f55"
  integrity sha1-ysLazIoepnX+qrrriugziYrkb1U=

sortablejs@^1.12.0:
  version "1.12.0"
  resolved "https://registry.npm.taobao.org/sortablejs/download/sortablejs-1.12.0.tgz?cache=0&sync_timestamp=1601884638047&other_urls=https%3A%2F%2Fregistry.npm.taobao.org%2Fsortablejs%2Fdownload%2Fsortablejs-1.12.0.tgz#ee6d7ece3598c2af0feb1559d98595e5ea37cbd6"
  integrity sha1-7m1+zjWYwq8P6xVZ2YWV5eo3y9Y=
