# THIS IS AN AUTOGENERATED FILE. DO NOT EDIT THIS FILE DIRECTLY.
# yarn lockfile v1


"@babel/runtime@^7.0.0":
  version "7.12.1"
  resolved "https://registry.npmmirror.com/@babel/runtime/download/@babel/runtime-7.12.1.tgz?cache=0&sync_timestamp=1602799933339&other_urls=https%3A%2F%2Fregistry.npmmirror.com%2F%40babel%2Fruntime%2Fdownload%2F%40babel%2Fruntime-7.12.1.tgz#b4116a6b6711d010b2dad3b7b6e43bf1b9954740"
  integrity sha1-tBFqa2cR0BCy2tO3tuQ78bmVR0A=
  dependencies:
    regenerator-runtime "^0.13.4"

"@dnd-kit/accessibility@^3.1.1":
  version "3.1.1"
  resolved "https://registry.npmjs.org/@dnd-kit/accessibility/-/accessibility-3.1.1.tgz#3b4202bd6bb370a0730f6734867785919beac6af"
  integrity sha512-2P+YgaXF+gRsIihwwY1gCsQSYnu9Zyj2py8kY5fFvUM1qm2WA2u639R6YNVfU4GWr+ZM5mqEsfHZZLoRONbemw==
  dependencies:
    tslib "^2.0.0"

"@dnd-kit/core@^6.3.1":
  version "6.3.1"
  resolved "https://registry.npmjs.org/@dnd-kit/core/-/core-6.3.1.tgz#4c36406a62c7baac499726f899935f93f0e6d003"
  integrity sha512-xkGBRQQab4RLwgXxoqETICr6S5JlogafbhNsidmrkVv2YRs5MLwpjoF2qpiGjQt8S9AoxtIV603s0GIUpY5eYQ==
  dependencies:
    "@dnd-kit/accessibility" "^3.1.1"
    "@dnd-kit/utilities" "^3.2.2"
    tslib "^2.0.0"

"@dnd-kit/modifiers@^9.0.0":
  version "9.0.0"
  resolved "https://registry.npmjs.org/@dnd-kit/modifiers/-/modifiers-9.0.0.tgz#96a0280c77b10c716ef79d9792ce7ad04370771d"
  integrity sha512-ybiLc66qRGuZoC20wdSSG6pDXFikui/dCNGthxv4Ndy8ylErY0N3KVxY2bgo7AWwIbxDmXDg3ylAFmnrjcbVvw==
  dependencies:
    "@dnd-kit/utilities" "^3.2.2"
    tslib "^2.0.0"

"@dnd-kit/sortable@^10.0.0":
  version "10.0.0"
  resolved "https://registry.npmjs.org/@dnd-kit/sortable/-/sortable-10.0.0.tgz#1f9382b90d835cd5c65d92824fa9dafb78c4c3e8"
  integrity sha512-+xqhmIIzvAYMGfBYYnbKuNicfSsk4RksY2XdmJhT+HAC01nix6fHCztU68jooFiMUB01Ky3F0FyOvhG/BZrWkg==
  dependencies:
    "@dnd-kit/utilities" "^3.2.2"
    tslib "^2.0.0"

"@dnd-kit/utilities@^3.2.2":
  version "3.2.2"
  resolved "https://registry.npmjs.org/@dnd-kit/utilities/-/utilities-3.2.2.tgz#5a32b6af356dc5f74d61b37d6f7129a4040ced7b"
  integrity sha512-+MKAJEOfaBe5SmV6t34p80MMKhjvUz0vRrvVJbPT0WElzaOJ/1xs+D+KDv+tD/NE5ujfrChEcshd4fLn0wpiqg==
  dependencies:
    tslib "^2.0.0"

"@gm-common/hooks@^2.10.0":
  version "2.14.9"
  resolved "https://registry.npmjs.org/@gm-common/hooks/-/hooks-2.14.9.tgz#0fa055673bc3af348c2ce6e5db35136f72309d90"
  integrity sha512-N8s+GYAqUTgVNL3e8oBFNl7vMUSQzysvh3wVEMiP0DVsGkZ0L3Wyljg4HQWIYw6PPudppP06Pz7glagBaMew+g==
  dependencies:
    "@gm-common/tool" "^2.14.9"
    ts-config-gm-react-app "^3.4.5"

"@gm-common/tool@^2.10.0":
  version "2.10.0"
  resolved "https://registry.npmmirror.com/@gm-common/tool/download/@gm-common/tool-2.10.0.tgz#f4f512233ff1118eff8bbdeca9762f0e65ce26bd"
  integrity sha1-9PUSIz/xEY7/i73sqXYvDmXOJr0=
  dependencies:
    lodash "^4.17.20"

"@gm-common/tool@^2.14.9":
  version "2.14.9"
  resolved "https://registry.npmjs.org/@gm-common/tool/-/tool-2.14.9.tgz#8136b3e8070a7168b892db492c0fcb11b144d7c1"
  integrity sha512-diGdsJTnWzV9IzbguBIBxxc96adY4i81kv2XUj/T/CibTxtF0b1+nETUfoIx07eTvEFZLspzmoKkDLK0+gAAwQ==
  dependencies:
    lodash "^4.17.20"

"@gm-pc/keyboard@^1.27.2-beta.1":
  version "1.27.2-beta.1"
  resolved "https://registry.npmjs.org/@gm-pc/keyboard/-/keyboard-1.27.2-beta.1.tgz#8f9efc62815e89fc31949ed7a72aab9e64dc4b7f"
  integrity sha512-UYRT4B5oLTIthLwwWGvT1n8awSs0Ms92rY6jAyDxC5C36P3xSn+QLETZmsRLE6Msrt/oCR03jFdkUAMEeeSh9Q==
  dependencies:
    "@gm-common/tool" "^2.10.0"
    "@gm-pc/react" "^1.27.2-beta.1"
    "@gm-pc/table-x" "^1.27.2-beta.1"
    classnames "^2.2.5"
    lodash "^4.17.19"

"@gm-pc/locales@^1.27.2-beta.1":
  version "1.27.2-beta.1"
  resolved "https://registry.npmjs.org/@gm-pc/locales/-/locales-1.27.2-beta.1.tgz#64ca1f128f6ff5fdbc1d775be8cf6b7752a635d2"
  integrity sha512-SHPkMZFSYvlUSCopcXsRDPEpu5e8e+F5RC8rRLw/9PjVDqBClIPAKYFnXUsxPkRZ38n+szLzLvBYU7FbUqRpYA==

"@gm-pc/react@^1.27.2-beta.1":
  version "1.27.2-beta.1"
  resolved "https://registry.npmjs.org/@gm-pc/react/-/react-1.27.2-beta.1.tgz#063fd57d613a996a660f004ef125bc56f27c0e85"
  integrity sha512-GonjxIXmsjImeKBGSJrNy4XBaD0x13GtYdnmPVorEsGu917iKSROJ57XFeQ1o4M7AdHMBUtwVqQTr+sPY9Oq4A==
  dependencies:
    "@gm-common/hooks" "^2.10.0"
    "@gm-common/tool" "^2.10.0"
    "@gm-pc/locales" "^1.27.2-beta.1"
    big.js "^6.0.1"
    classnames "^2.2.5"
    lodash "^4.17.19"
    modern-normalize "^1.0.0"
    moment "^2.29.1"
    react-window "^1.8.5"

"@gm-pc/sortable@^1.27.2-beta.1":
  version "1.27.2-beta.1"
  resolved "https://registry.npmjs.org/@gm-pc/sortable/-/sortable-1.27.2-beta.1.tgz#0edf9c7b7885e255e78a77a087b62a4d4b0947ef"
  integrity sha512-dQdBkTHIYmVIwZ577a9F0TLL1UDDidFKVTQAK4YK8nEIjDy3orS8eBfp5HxcWcSCDEwJwLHurJibqWrgb4o7oQ==
  dependencies:
    "@gm-common/tool" "^2.10.0"
    "@gm-pc/react" "^1.27.2-beta.1"
    lodash "^4.17.19"
    sortablejs "^1.12.0"

"@gm-pc/table-x@^1.27.2-beta.1":
  version "1.27.2-beta.1"
  resolved "https://registry.npmjs.org/@gm-pc/table-x/-/table-x-1.27.2-beta.1.tgz#28795ccc610e4ca14da345d85ed7958f7be1bcee"
  integrity sha512-JKi0T9j3+LvRqF5JXv3cwIiVcfoq5gAPB4JuWGHjRitTsa9nT/SezjZWGSQ/Bdx48l1umKVecjwhBFrFhv60jw==
  dependencies:
    "@gm-common/tool" "^2.10.0"
    "@gm-pc/keyboard" "^1.27.2-beta.1"
    "@gm-pc/locales" "^1.27.2-beta.1"
    "@gm-pc/react" "^1.27.2-beta.1"
    "@gm-pc/sortable" "^1.27.2-beta.1"
    "@types/react-table" "~7.0.28"
    "@types/react-window" "^1.8.2"
    "@types/sortablejs" "^1.10.6"
    classnames "^2.2.5"
    lodash "^4.17.19"
    react-table "7.0.0-rc.11"
    react-window "^1.8.5"
    sortablejs "^1.12.0"

"@types/prop-types@*":
  version "15.7.3"
  resolved "https://registry.npmmirror.com/@types/prop-types/download/@types/prop-types-15.7.3.tgz#2ab0d5da2e5815f94b0b9d4b95d1e5f243ab2ca7"
  integrity sha1-KrDV2i5YFflLC51LldHl8kOrLKc=

"@types/react-table@~7.0.28":
  version "7.0.29"
  resolved "https://registry.npmmirror.com/@types/react-table/download/@types/react-table-7.0.29.tgz#af2c82f2d6a39be5bc0f191b30501309a8db0949"
  integrity sha1-ryyC8tajm+W8DxkbMFATCajbCUk=
  dependencies:
    "@types/react" "*"

"@types/react-window@^1.8.2":
  version "1.8.3"
  resolved "https://registry.npmmirror.com/@types/react-window/download/@types/react-window-1.8.3.tgz#14f74b144b4e3df9421eb31182dc580b7ccc7617"
  integrity sha1-FPdLFEtOPflCHrMRgtxYC3zMdhc=
  dependencies:
    "@types/react" "*"

"@types/react@*":
  version "17.0.4"
  resolved "https://registry.npmmirror.com/@types/react/download/@types/react-17.0.4.tgz?cache=0&sync_timestamp=1619433141889&other_urls=https%3A%2F%2Fregistry.npmmirror.com%2F%40types%2Freact%2Fdownload%2F%40types%2Freact-17.0.4.tgz#a67c6f7a460d2660e950d9ccc1c2f18525c28220"
  integrity sha1-pnxvekYNJmDpUNnMwcLxhSXCgiA=
  dependencies:
    "@types/prop-types" "*"
    "@types/scheduler" "*"
    csstype "^3.0.2"

"@types/scheduler@*":
  version "0.16.1"
  resolved "https://registry.npmmirror.com/@types/scheduler/download/@types/scheduler-0.16.1.tgz?cache=0&sync_timestamp=1613384488348&other_urls=https%3A%2F%2Fregistry.npmmirror.com%2F%40types%2Fscheduler%2Fdownload%2F%40types%2Fscheduler-0.16.1.tgz#18845205e86ff0038517aab7a18a62a6b9f71275"
  integrity sha1-GIRSBehv8AOFF6q3oYpiprn3EnU=

"@types/sortablejs@^1.10.6":
  version "1.10.6"
  resolved "https://registry.npmmirror.com/@types/sortablejs/download/@types/sortablejs-1.10.6.tgz#98725ae08f1dfe28b8da0fdf302c417f5ff043c0"
  integrity sha1-mHJa4I8d/ii42g/fMCxBf1/wQ8A=

big.js@^6.0.1:
  version "6.2.2"
  resolved "https://registry.npmjs.org/big.js/-/big.js-6.2.2.tgz#be3bb9ac834558b53b099deef2a1d06ac6368e1a"
  integrity sha512-y/ie+Faknx7sZA5MfGA2xKlu0GDv8RWrXGsmlteyJQ2lvoKv9GBK/fpRMc2qlSoBAgNxrixICFCBefIq8WCQpQ==

classnames@^2.2.5:
  version "2.2.6"
  resolved "https://registry.npmmirror.com/classnames/download/classnames-2.2.6.tgz#43935bffdd291f326dad0a205309b38d00f650ce"
  integrity sha1-Q5Nb/90pHzJtrQogUwmzjQD2UM4=

csstype@^3.0.2:
  version "3.0.8"
  resolved "https://registry.npmmirror.com/csstype/download/csstype-3.0.8.tgz?cache=0&sync_timestamp=1618818466657&other_urls=https%3A%2F%2Fregistry.npmmirror.com%2Fcsstype%2Fdownload%2Fcsstype-3.0.8.tgz#d2266a792729fb227cd216fb572f43728e1ad340"
  integrity sha1-0iZqeScp+yJ80hb7Vy9Dco4a00A=

lodash@^4.17.19, lodash@^4.17.20:
  version "4.17.20"
  resolved "https://registry.npmjs.org/lodash/-/lodash-4.17.20.tgz#b44a9b6297bcb698f1c51a3545a2b3b368d59c52"
  integrity sha512-PlhdFcillOINfeV7Ni6oF1TAEayyZBoZ8bcshTHqOYJYlrqzRK5hagpagky5o4HfCzzd1TRkXPMFq6cKk9rGmA==

"memoize-one@>=3.1.1 <6":
  version "5.1.1"
  resolved "https://registry.npmmirror.com/memoize-one/download/memoize-one-5.1.1.tgz#047b6e3199b508eaec03504de71229b8eb1d75c0"
  integrity sha1-BHtuMZm1COrsA1BN5xIpuOsddcA=

modern-normalize@^1.0.0:
  version "1.1.0"
  resolved "https://registry.npmjs.org/modern-normalize/-/modern-normalize-1.1.0.tgz#da8e80140d9221426bd4f725c6e11283d34f90b7"
  integrity sha512-2lMlY1Yc1+CUy0gw4H95uNN7vjbpoED7NNRSBHE25nWfLBdmMzFCsPshlzbxHz+gYMcBEUN8V4pU16prcdPSgA==

moment@^2.29.1:
  version "2.29.1"
  resolved "https://registry.npmmirror.com/moment/download/moment-2.29.1.tgz#b2be769fa31940be9eeea6469c075e35006fa3d3"
  integrity sha1-sr52n6MZQL6e7qZGnAdeNQBvo9M=

react-table@7.0.0-rc.11:
  version "7.0.0-rc.11"
  resolved "https://registry.npmmirror.com/react-table/download/react-table-7.0.0-rc.11.tgz#98c5299ce16a09c8899727955fb4505bd1ed64ac"
  integrity sha1-mMUpnOFqCciJlyeVX7RQW9HtZKw=

react-window@^1.8.5:
  version "1.8.6"
  resolved "https://registry.npmmirror.com/react-window/download/react-window-1.8.6.tgz#d011950ac643a994118632665aad0c6382e2a112"
  integrity sha1-0BGVCsZDqZQRhjJmWq0MY4LioRI=
  dependencies:
    "@babel/runtime" "^7.0.0"
    memoize-one ">=3.1.1 <6"

regenerator-runtime@^0.13.4:
  version "0.13.7"
  resolved "https://registry.npmmirror.com/regenerator-runtime/download/regenerator-runtime-0.13.7.tgz?cache=0&sync_timestamp=1595456311465&other_urls=https%3A%2F%2Fregistry.npmmirror.com%2Fregenerator-runtime%2Fdownload%2Fregenerator-runtime-0.13.7.tgz#cac2dacc8a1ea675feaabaeb8ae833898ae46f55"
  integrity sha1-ysLazIoepnX+qrrriugziYrkb1U=

sortablejs@^1.12.0:
  version "1.12.0"
  resolved "https://registry.npmmirror.com/sortablejs/download/sortablejs-1.12.0.tgz?cache=0&sync_timestamp=1601884638047&other_urls=https%3A%2F%2Fregistry.npmmirror.com%2Fsortablejs%2Fdownload%2Fsortablejs-1.12.0.tgz#ee6d7ece3598c2af0feb1559d98595e5ea37cbd6"
  integrity sha1-7m1+zjWYwq8P6xVZ2YWV5eo3y9Y=

ts-config-gm-react-app@^3.4.5:
  version "3.10.7"
  resolved "https://registry.npmjs.org/ts-config-gm-react-app/-/ts-config-gm-react-app-3.10.7.tgz#079ee5f12d8508a810cbd348998f7bde671b79e8"
  integrity sha512-Nri1WWW7EA5hsdoQfShLaUNrIIDN0d+fQ7m19pZC3NEO/6siJ5BbOKPKveuhtUnenlOSdXaGhb3Nc2XGs3AvRA==

tslib@^2.0.0:
  version "2.8.1"
  resolved "https://registry.npmjs.org/tslib/-/tslib-2.8.1.tgz#612efe4ed235d567e8aba5f2a5fab70280ade83f"
  integrity sha512-oJFu94HQb+KVduSUQL7wnpmqnfmLsOA/nAh6b6EH0wCEoK0/mPeXU6c3wKDV83MkOuHPRHtSXKKU99IBazS/2w==
