# THIS IS AN AUTOGENERATED FILE. DO NOT EDIT THIS FILE DIRECTLY.
# yarn lockfile v1


"@gm-common/tool@^2.10.0":
  version "2.10.0"
  resolved "https://registry.npmmirror.com/@gm-common/tool/download/@gm-common/tool-2.10.0.tgz#f4f512233ff1118eff8bbdeca9762f0e65ce26bd"
  integrity sha1-9PUSIz/xEY7/i73sqXYvDmXOJr0=
  dependencies:
    lodash "^4.17.20"

classnames@^2.2.5:
  version "2.2.6"
  resolved "https://registry.npmmirror.com/classnames/download/classnames-2.2.6.tgz#43935bffdd291f326dad0a205309b38d00f650ce"
  integrity sha1-Q5Nb/90pHzJtrQogUwmzjQD2UM4=

lodash@^4.17.19, lodash@^4.17.20:
  version "4.17.20"
  resolved "https://registry.npmjs.org/lodash/-/lodash-4.17.20.tgz#b44a9b6297bcb698f1c51a3545a2b3b368d59c52"
  integrity sha512-PlhdFcillOINfeV7Ni6oF1TAEayyZBoZ8bcshTHqOYJYlrqzRK5hagpagky5o4HfCzzd1TRkXPMFq6cKk9rGmA==
