# THIS IS AN AUTOGENERATED FILE. DO NOT EDIT THIS FILE DIRECTLY.
# yarn lockfile v1


"@gm-common/tool@^2.6.1":
  version "2.6.1"
  resolved "https://registry.npmjs.org/@gm-common/tool/-/tool-2.6.1.tgz#8fc621ad278821773605a16543ece836de5e8f16"
  integrity sha512-+Uq5zvu+fFNq/Z1ePA6IYScJKksQkKyybjjnNi447vfTJW+dBSI1q+QWY8d/j9jb7n5200ukHOkMzeNrdGGaZg==
  dependencies:
    lodash "^4.17.19"

lodash@^4.17.19:
  version "4.17.20"
  resolved "https://registry.npmjs.org/lodash/-/lodash-4.17.20.tgz#b44a9b6297bcb698f1c51a3545a2b3b368d59c52"
  integrity sha512-PlhdFcillOINfeV7Ni6oF1TAEayyZBoZ8bcshTHqOYJYlrqzRK5hagpagky5o4HfCzzd1TRkXPMFq6cKk9rGmA==

sortablejs@^1.10.1:
  version "1.10.2"
  resolved "https://registry.npmjs.org/sortablejs/-/sortablejs-1.10.2.tgz#6e40364d913f98b85a14f6678f92b5c1221f5290"
  integrity sha512-YkPGufevysvfwn5rfdlGyrGjt7/CRHwvRPogD/lC+TnvcN29jDpCifKP+rBqf+LRldfXSTh+0CGLcSg0VIxq3A==
