# THIS IS AN AUTOGENERATED FILE. DO NOT EDIT THIS FILE DIRECTLY.
# yarn lockfile v1


"@babel/runtime@^7.0.0":
  version "7.12.1"
  resolved "https://registry.npm.taobao.org/@babel/runtime/download/@babel/runtime-7.12.1.tgz?cache=0&sync_timestamp=1602799933339&other_urls=https%3A%2F%2Fregistry.npm.taobao.org%2F%40babel%2Fruntime%2Fdownload%2F%40babel%2Fruntime-7.12.1.tgz#b4116a6b6711d010b2dad3b7b6e43bf1b9954740"
  integrity sha1-tBFqa2cR0BCy2tO3tuQ78bmVR0A=
  dependencies:
    regenerator-runtime "^0.13.4"

"@gm-common/hooks@^2.8.9":
  version "2.8.9"
  resolved "https://registry.npmjs.org/@gm-common/hooks/-/hooks-2.8.9.tgz#d582fbc5c7dfb21f3d016a321f93b1fce867c85c"
  integrity sha512-+MurQpH36nv10o7+g/UQF7DPkzoJwiv+3GiTiHylc6hYRgPnEim1GxSIPc5ir8bSQYbp+6IVKyUi32qmSWQGug==
  dependencies:
    "@gm-common/tool" "^2.8.9"
    ts-config-gm-react-app "^3.4.5"

"@gm-common/tool@^2.8.9":
  version "2.8.9"
  resolved "https://registry.npmjs.org/@gm-common/tool/-/tool-2.8.9.tgz#81317cb81f3095625753c31c03a787195e39cbff"
  integrity sha512-7A6bcTI+nRfB6MsLEJiNIpbLeqXnIz0vmvJzKHn79wtbVGR5p0GeOyzsYV5tBu1i96gMKG04siR3n3Vy39X1Sg==
  dependencies:
    lodash "^4.17.20"

"@gm-pc/locales@^1.3.2":
  version "1.3.2"
  resolved "https://registry.nlark.com/@gm-pc/locales/download/@gm-pc/locales-1.3.2.tgz#ae104e48561bcee67190e05eef32fb293253cad2"
  integrity sha1-rhBOSFYbzuZxkOBe7zL7KTJTytI=

big.js@^6.0.1:
  version "6.0.1"
  resolved "https://registry.npm.taobao.org/big.js/download/big.js-6.0.1.tgz#9e0a2e8b1825ce006cd4a096d6f294738cd5cff6"
  integrity sha1-ngouixglzgBs1KCW1vKUc4zVz/Y=

classnames@^2.2.5:
  version "2.2.6"
  resolved "https://registry.npm.taobao.org/classnames/download/classnames-2.2.6.tgz#43935bffdd291f326dad0a205309b38d00f650ce"
  integrity sha1-Q5Nb/90pHzJtrQogUwmzjQD2UM4=

"js-tokens@^3.0.0 || ^4.0.0":
  version "4.0.0"
  resolved "https://registry.npm.taobao.org/js-tokens/download/js-tokens-4.0.0.tgz#19203fb59991df98e3a287050d4647cdeaf32499"
  integrity sha1-GSA/tZmR35jjoocFDUZHzerzJJk=

lodash@^4.17.19, lodash@^4.17.20:
  version "4.17.20"
  resolved "https://registry.npmjs.org/lodash/-/lodash-4.17.20.tgz#b44a9b6297bcb698f1c51a3545a2b3b368d59c52"
  integrity sha512-PlhdFcillOINfeV7Ni6oF1TAEayyZBoZ8bcshTHqOYJYlrqzRK5hagpagky5o4HfCzzd1TRkXPMFq6cKk9rGmA==

loose-envify@^1.1.0, loose-envify@^1.4.0:
  version "1.4.0"
  resolved "https://registry.npm.taobao.org/loose-envify/download/loose-envify-1.4.0.tgz#71ee51fa7be4caec1a63839f7e682d8132d30caf"
  integrity sha1-ce5R+nvkyuwaY4OffmgtgTLTDK8=
  dependencies:
    js-tokens "^3.0.0 || ^4.0.0"

"memoize-one@>=3.1.1 <6":
  version "5.1.1"
  resolved "https://registry.npm.taobao.org/memoize-one/download/memoize-one-5.1.1.tgz#047b6e3199b508eaec03504de71229b8eb1d75c0"
  integrity sha1-BHtuMZm1COrsA1BN5xIpuOsddcA=

modern-normalize@^1.0.0:
  version "1.0.0"
  resolved "https://registry.npm.taobao.org/modern-normalize/download/modern-normalize-1.0.0.tgz#539d84a1e141338b01b346f3e27396d0ed17601e"
  integrity sha1-U52EoeFBM4sBs0bz4nOW0O0XYB4=

moment@^2.29.1:
  version "2.29.1"
  resolved "https://registry.npm.taobao.org/moment/download/moment-2.29.1.tgz#b2be769fa31940be9eeea6469c075e35006fa3d3"
  integrity sha1-sr52n6MZQL6e7qZGnAdeNQBvo9M=

object-assign@^4.1.1:
  version "4.1.1"
  resolved "https://registry.npm.taobao.org/object-assign/download/object-assign-4.1.1.tgz#2109adc7965887cfc05cbbd442cac8bfbb360863"
  integrity sha1-IQmtx5ZYh8/AXLvUQsrIv7s2CGM=

prop-types@^15.6.2:
  version "15.7.2"
  resolved "https://registry.npm.taobao.org/prop-types/download/prop-types-15.7.2.tgz#52c41e75b8c87e72b9d9360e0206b99dcbffa6c5"
  integrity sha1-UsQedbjIfnK52TYOAga5ncv/psU=
  dependencies:
    loose-envify "^1.4.0"
    object-assign "^4.1.1"
    react-is "^16.8.1"

react-dom@^16.14.0:
  version "16.14.0"
  resolved "https://registry.npm.taobao.org/react-dom/download/react-dom-16.14.0.tgz?cache=0&sync_timestamp=1603367590403&other_urls=https%3A%2F%2Fregistry.npm.taobao.org%2Freact-dom%2Fdownload%2Freact-dom-16.14.0.tgz#7ad838ec29a777fb3c75c3a190f661cf92ab8b89"
  integrity sha1-etg47Cmnd/s8dcOhkPZhz5Kri4k=
  dependencies:
    loose-envify "^1.1.0"
    object-assign "^4.1.1"
    prop-types "^15.6.2"
    scheduler "^0.19.1"

react-is@^16.8.1:
  version "16.13.1"
  resolved "https://registry.npm.taobao.org/react-is/download/react-is-16.13.1.tgz?cache=0&sync_timestamp=1603367576715&other_urls=https%3A%2F%2Fregistry.npm.taobao.org%2Freact-is%2Fdownload%2Freact-is-16.13.1.tgz#789729a4dc36de2999dc156dd6c1d9c18cea56a4"
  integrity sha1-eJcppNw23imZ3BVt1sHZwYzqVqQ=

react-window@^1.8.5:
  version "1.8.6"
  resolved "https://registry.npm.taobao.org/react-window/download/react-window-1.8.6.tgz#d011950ac643a994118632665aad0c6382e2a112"
  integrity sha1-0BGVCsZDqZQRhjJmWq0MY4LioRI=
  dependencies:
    "@babel/runtime" "^7.0.0"
    memoize-one ">=3.1.1 <6"

react@^16.14.0:
  version "16.14.0"
  resolved "https://registry.npm.taobao.org/react/download/react-16.14.0.tgz?cache=0&sync_timestamp=1603367592109&other_urls=https%3A%2F%2Fregistry.npm.taobao.org%2Freact%2Fdownload%2Freact-16.14.0.tgz#94d776ddd0aaa37da3eda8fc5b6b18a4c9a3114d"
  integrity sha1-lNd23dCqo32j7aj8W2sYpMmjEU0=
  dependencies:
    loose-envify "^1.1.0"
    object-assign "^4.1.1"
    prop-types "^15.6.2"

regenerator-runtime@^0.13.4:
  version "0.13.7"
  resolved "https://registry.npm.taobao.org/regenerator-runtime/download/regenerator-runtime-0.13.7.tgz?cache=0&sync_timestamp=1595456311465&other_urls=https%3A%2F%2Fregistry.npm.taobao.org%2Fregenerator-runtime%2Fdownload%2Fregenerator-runtime-0.13.7.tgz#cac2dacc8a1ea675feaabaeb8ae833898ae46f55"
  integrity sha1-ysLazIoepnX+qrrriugziYrkb1U=

scheduler@^0.19.1:
  version "0.19.1"
  resolved "https://registry.npm.taobao.org/scheduler/download/scheduler-0.19.1.tgz?cache=0&sync_timestamp=1603367591660&other_urls=https%3A%2F%2Fregistry.npm.taobao.org%2Fscheduler%2Fdownload%2Fscheduler-0.19.1.tgz#4f3e2ed2c1a7d65681f4c854fa8c5a1ccb40f196"
  integrity sha1-Tz4u0sGn1laB9MhU+oxaHMtA8ZY=
  dependencies:
    loose-envify "^1.1.0"
    object-assign "^4.1.1"

ts-config-gm-react-app@^3.4.5:
  version "3.4.7"
  resolved "https://registry.npmjs.org/ts-config-gm-react-app/-/ts-config-gm-react-app-3.4.7.tgz#51decbf847c991ae8e3bd950f3f84cfb0523ba4b"
  integrity sha512-1XOMmAIEiUr2R0JTasF30zj5ZRZgVTOx/ycZJOh2xusQCYC4n1/wGbXfEzm8Dzhv2YSWHEWPVHpytAM3mYsu9Q==
