# THIS IS AN AUTOGENERATED FILE. DO NOT EDIT THIS FILE DIRECTLY.
# yarn lockfile v1


"@antv/adjust@^0.2.1":
  version "0.2.3"
  resolved "https://registry.yarnpkg.com/@antv/adjust/-/adjust-0.2.3.tgz#c3884a680c3264cc125d7f2ab5398e8a1c0b9401"
  integrity sha512-rihqcCdS7piQnK1nRlCvbIaj2QeaqghxINXiMpTJp+0c9cKlTUwL7/2r+gv9YN5R0P1WzSHTmK2Sn+bQCJDo0Q==
  dependencies:
    "@antv/util" "~2.0.0"
    tslib "^1.10.0"

"@antv/attr@^0.3.1":
  version "0.3.2"
  resolved "https://registry.yarnpkg.com/@antv/attr/-/attr-0.3.2.tgz#e5866b64870c62f3a9c25b8a61f654ba2bfda051"
  integrity sha512-31PfcVKeQdPBmr/QD+IC0NB/FbdtVKOXBCNMepFc5/dEs7jphmgG1V4tfAJmcXIHubCTHOjpscTrDIvoKSGvMQ==
  dependencies:
    "@antv/color-util" "^2.0.1"
    "@antv/util" "~2.0.0"
    tslib "^1.10.0"

"@antv/color-util@^2.0.1", "@antv/color-util@^2.0.2":
  version "2.0.5"
  resolved "https://registry.yarnpkg.com/@antv/color-util/-/color-util-2.0.5.tgz#6c6c14ad2873526bcba72380b781a2b24360ac6e"
  integrity sha512-eQktA9YDnWCj03rfjpg0ajvCfRkHXzBzsZa9z94pY6Jb7e3XtPUp7vDpB8KhaKm9GjPtGzQDneh+gnqkEK8mtQ==
  dependencies:
    "@antv/util" "^2.0.9"
    tslib "^1.10.0"

"@antv/component@^0.8.0":
  version "0.8.4"
  resolved "https://registry.yarnpkg.com/@antv/component/-/component-0.8.4.tgz#36eae381e49595d2eae335b079f63296cdaa0121"
  integrity sha512-22JM8Ynr9TX4lQSsbHzLecAap7CqIzKQ4T7ffq5xSHB6NfYeUOdYFti2BadVofK48DYWiseVq5X1aIXBReIfVg==
  dependencies:
    "@antv/dom-util" "~2.0.1"
    "@antv/g-base" "~0.5.0"
    "@antv/matrix-util" "^3.1.0-beta.1"
    "@antv/path-util" "~2.0.7"
    "@antv/scale" "~0.3.1"
    "@antv/util" "~2.0.0"
    fecha "~4.2.0"
    tslib "^1.10.0"

"@antv/coord@^0.3.0":
  version "0.3.0"
  resolved "https://registry.yarnpkg.com/@antv/coord/-/coord-0.3.0.tgz#47239cfd3545f87b7a67a9bed92d12a529d5a996"
  integrity sha512-lm5Ct+r62mFVqhziKoDFN3PQjnkNBMOoOG+kBsPq3M3GqlQt5Jc7euOHMFcYSZM9HJmsKkGcih6EWDVVliMEZg==
  dependencies:
    "@antv/matrix-util" "^3.1.0-beta.2"
    "@antv/util" "~2.0.3"
    tslib "^1.10.0"

"@antv/dom-util@^2.0.2", "@antv/dom-util@~2.0.1":
  version "2.0.2"
  resolved "https://registry.yarnpkg.com/@antv/dom-util/-/dom-util-2.0.2.tgz#4c7b0a195e027e55570435a6825cec56dfb0b590"
  integrity sha512-i/rh385casRd6OA4rbpbA2jyiwY/w7PtkA+74mH43PiBzOcLpDg1jEWR9dMO0tIqUzHQWWqKNNjmXVubl4GS6g==
  dependencies:
    tslib "^1.10.0"

"@antv/event-emitter@^0.1.1", "@antv/event-emitter@~0.1.0":
  version "0.1.2"
  resolved "https://registry.yarnpkg.com/@antv/event-emitter/-/event-emitter-0.1.2.tgz#a17b7cb86e6d071880dc6bfb232756f88624ecbc"
  integrity sha512-6C6NJOdoNVptCr5y9BVOhKkCgW7LFs/SpcRyAExUeSjAm0zJqcqNkSIRGsXYhj4PJI+CZICHzGwwiSnIsE68Ug==

"@antv/g-base@^0.5.0", "@antv/g-base@^0.5.3", "@antv/g-base@~0.5.0":
  version "0.5.3"
  resolved "https://registry.yarnpkg.com/@antv/g-base/-/g-base-0.5.3.tgz#cfd7ed5209136a6547de427277811af3173dd19a"
  integrity sha512-I4s6H+lcU/39jDhU/s0kGo0krGAKtH6Bwu4/W8x1+Kvq7KzLZTjnrUH/KW31Gi5bfdn4JGyLsDi3tkIw82h3bw==
  dependencies:
    "@antv/event-emitter" "^0.1.1"
    "@antv/g-math" "^0.1.6"
    "@antv/matrix-util" "^3.1.0-beta.1"
    "@antv/path-util" "~2.0.5"
    "@antv/util" "~2.0.0"
    "@types/d3-timer" "^1.0.9"
    d3-ease "^1.0.5"
    d3-interpolate "^1.3.2"
    d3-timer "^1.0.9"
    detect-browser "^5.1.0"

"@antv/g-canvas@^0.5.0":
  version "0.5.5"
  resolved "https://registry.yarnpkg.com/@antv/g-canvas/-/g-canvas-0.5.5.tgz#af17253b75267832e2a25d3bb283ac04422de67b"
  integrity sha512-sDYfWDh6PM6ud5dHldNsRe7+nEcObRh33D+Q40oQ43/VArVu5ll9m2fZF1OfRaXf9lDNuYnAf0iKOW+efdp51A==
  dependencies:
    "@antv/g-base" "^0.5.3"
    "@antv/g-math" "^0.1.6"
    "@antv/matrix-util" "^3.1.0-beta.1"
    "@antv/path-util" "~2.0.5"
    "@antv/util" "~2.0.0"
    gl-matrix "^3.0.0"

"@antv/g-math@^0.1.6":
  version "0.1.6"
  resolved "https://registry.yarnpkg.com/@antv/g-math/-/g-math-0.1.6.tgz#140aa4e543da517ad16a690778ab7e9c3a3f85d3"
  integrity sha512-K0dJd332PPqpaqzSheIPeNZursvUZOPQXpMre78PlA8r9RsF0/OGij8UnCwCJM2KAGhDJFi63kMEvbVbKcApLA==
  dependencies:
    "@antv/util" "~2.0.0"
    gl-matrix "^3.0.0"

"@antv/g-svg@^0.5.0":
  version "0.5.5"
  resolved "https://registry.yarnpkg.com/@antv/g-svg/-/g-svg-0.5.5.tgz#752ebbd382c10433d5a6300e7b56ad4149ae061c"
  integrity sha512-RqIcrIwfB0znqe7ISXTaEdmk6rhWmJPpvGjnSgyb4utPIW1tmf5t2IoGhjx0UVrTOIgRXrNo8LEKmUOU7LMk+Q==
  dependencies:
    "@antv/g-base" "^0.5.3"
    "@antv/g-math" "^0.1.6"
    "@antv/util" "~2.0.0"
    detect-browser "^5.0.0"

"@antv/g2@^4.1.3":
  version "4.1.3"
  resolved "https://registry.yarnpkg.com/@antv/g2/-/g2-4.1.3.tgz#37387e958481acae2d00b8a4ff72530956ea6844"
  integrity sha512-kEl68VO4hlFpBTWTINtINz/8RpU7zsCO27a/tbNLp8Mivheixpaetf4K9A3kfF5plVGGcuI8scJMaHXp3gt4LA==
  dependencies:
    "@antv/adjust" "^0.2.1"
    "@antv/attr" "^0.3.1"
    "@antv/color-util" "^2.0.2"
    "@antv/component" "^0.8.0"
    "@antv/coord" "^0.3.0"
    "@antv/dom-util" "^2.0.2"
    "@antv/event-emitter" "~0.1.0"
    "@antv/g-base" "^0.5.0"
    "@antv/g-canvas" "^0.5.0"
    "@antv/g-svg" "^0.5.0"
    "@antv/matrix-util" "^3.1.0-beta.1"
    "@antv/path-util" "^2.0.3"
    "@antv/scale" "^0.3.1"
    "@antv/util" "~2.0.5"
    tslib "^2.0.0"

"@antv/matrix-util@^3.1.0-beta.1", "@antv/matrix-util@^3.1.0-beta.2":
  version "3.1.0-beta.2"
  resolved "https://registry.yarnpkg.com/@antv/matrix-util/-/matrix-util-3.1.0-beta.2.tgz#b4afafb70dbdf52affca308d3546c8a090fd23ca"
  integrity sha512-Efwp0ZHxVDK/8RUa/RRWN7HKFHJmjn7Oq5HaNBbCmsxd7JTla3Zsoq1AZrjWMDlq0lplo77urclwI+XIW8NEHw==
  dependencies:
    "@antv/util" "^2.0.9"
    gl-matrix "^3.3.0"
    tslib "^1.10.0"

"@antv/path-util@^2.0.3", "@antv/path-util@~2.0.5", "@antv/path-util@~2.0.7":
  version "2.0.8"
  resolved "https://registry.yarnpkg.com/@antv/path-util/-/path-util-2.0.8.tgz#9bc54d2b7198aad988a9cc4a6de9054f26919b84"
  integrity sha512-g5gt12MY1oEzh/j5XfLNRCfJU7E+Us+2yM5Hqc0y8xeWhb5l013XG5BPV37KmOf6WAys9KNxklNniHCZ6SqCKw==
  dependencies:
    "@antv/util" "^2.0.9"
    tslib "^1.10.0"

"@antv/scale@^0.3.1", "@antv/scale@~0.3.1":
  version "0.3.5"
  resolved "https://registry.yarnpkg.com/@antv/scale/-/scale-0.3.5.tgz#a5cc06cfddbe9f8c677e340f26a4675e6c3bf4ae"
  integrity sha512-iAwz1yCM8qxa41GpQOl+tIrXMvDF1llcvOkxmkL0Gh0tNW3kxUypxRyMVNz+0s4GD6GFEASi4bQ1QA7uQ7eaMg==
  dependencies:
    "@antv/util" "~2.0.3"
    fecha "~4.2.0"
    tslib "^2.0.0"

"@antv/util@^2.0.9", "@antv/util@~2.0.0", "@antv/util@~2.0.3", "@antv/util@~2.0.5":
  version "2.0.9"
  resolved "https://registry.yarnpkg.com/@antv/util/-/util-2.0.9.tgz#bd3e296a392e11fbe2781fde39d8e70ba1c53ed0"
  integrity sha512-JblWzne7msAPDdxkUhEk8zAz0Wd6igKwqymGbvIeyOydGrhBhGjA3nEayFj4IlG+XixCvGFKsCB4yuFS4glRIA==
  dependencies:
    tslib "^1.10.0"

"@types/d3-timer@^1.0.9":
  version "1.0.10"
  resolved "https://registry.yarnpkg.com/@types/d3-timer/-/d3-timer-1.0.10.tgz#329c51c2c931f44ed0acff78b8c84571acf0ed21"
  integrity sha512-ZnAbquVqy+4ZjdW0cY6URp+qF/AzTVNda2jYyOzpR2cPT35FTXl78s15Bomph9+ckOiI1TtkljnWkwbIGAb6rg==

classnames@^2.2.6:
  version "2.2.6"
  resolved "https://registry.yarnpkg.com/classnames/-/classnames-2.2.6.tgz#43935bffdd291f326dad0a205309b38d00f650ce"
  integrity sha512-JR/iSQOSt+LQIWwrwEzJ9uk0xfN3mTVYMwt1Ir5mUcSN6pU+V4zQFFaJsclJbPuAUQH+yfWef6tm7l1quW3C8Q==

d3-color@1:
  version "1.4.1"
  resolved "https://registry.yarnpkg.com/d3-color/-/d3-color-1.4.1.tgz#c52002bf8846ada4424d55d97982fef26eb3bc8a"
  integrity sha512-p2sTHSLCJI2QKunbGb7ocOh7DgTAn8IrLx21QRc/BSnodXM4sv6aLQlnfpvehFMLZEfBc6g9pH9SWQccFYfJ9Q==

d3-ease@^1.0.5:
  version "1.0.7"
  resolved "https://registry.yarnpkg.com/d3-ease/-/d3-ease-1.0.7.tgz#9a834890ef8b8ae8c558b2fe55bd57f5993b85e2"
  integrity sha512-lx14ZPYkhNx0s/2HX5sLFUI3mbasHjSSpwO/KaaNACweVwxUruKyWVcb293wMv1RqTPZyZ8kSZ2NogUZNcLOFQ==

d3-interpolate@^1.3.2:
  version "1.4.0"
  resolved "https://registry.yarnpkg.com/d3-interpolate/-/d3-interpolate-1.4.0.tgz#526e79e2d80daa383f9e0c1c1c7dcc0f0583e987"
  integrity sha512-V9znK0zc3jOPV4VD2zZn0sDhZU3WAE2bmlxdIwwQPPzPjvyLkd8B3JUVdS1IDUFDkWZ72c9qnv1GK2ZagTZ8EA==
  dependencies:
    d3-color "1"

d3-timer@^1.0.9:
  version "1.0.10"
  resolved "https://registry.yarnpkg.com/d3-timer/-/d3-timer-1.0.10.tgz#dfe76b8a91748831b13b6d9c793ffbd508dd9de5"
  integrity sha512-B1JDm0XDaQC+uvo4DT79H0XmBskgS3l6Ve+1SBCfxgmtIb1AVrPIoqd+nPSv+loMX8szQ0sVUhGngL7D5QPiXw==

detect-browser@^5.0.0, detect-browser@^5.1.0:
  version "5.2.0"
  resolved "https://registry.yarnpkg.com/detect-browser/-/detect-browser-5.2.0.tgz#c9cd5afa96a6a19fda0bbe9e9be48a6b6e1e9c97"
  integrity sha512-tr7XntDAu50BVENgQfajMLzacmSe34D+qZc4zjnniz0ZVuw/TZcLcyxHQjYpJTM36sGEkZZlYLnIM1hH7alTMA==

fecha@~4.2.0:
  version "4.2.0"
  resolved "https://registry.yarnpkg.com/fecha/-/fecha-4.2.0.tgz#3ffb6395453e3f3efff850404f0a59b6747f5f41"
  integrity sha512-aN3pcx/DSmtyoovUudctc8+6Hl4T+hI9GBBHLjA76jdZl7+b1sgh5g4k+u/GL3dTy1/pnYzKp69FpJ0OicE3Wg==

gl-matrix@^3.0.0, gl-matrix@^3.3.0:
  version "3.3.0"
  resolved "https://registry.yarnpkg.com/gl-matrix/-/gl-matrix-3.3.0.tgz#232eef60b1c8b30a28cbbe75b2caf6c48fd6358b"
  integrity sha512-COb7LDz+SXaHtl/h4LeaFcNdJdAQSDeVqjiIihSXNrkWObZLhDI4hIkZC11Aeqp7bcE72clzB0BnDXr2SmslRA==

lodash@^4.17.20:
  version "4.17.20"
  resolved "https://registry.yarnpkg.com/lodash/-/lodash-4.17.20.tgz#b44a9b6297bcb698f1c51a3545a2b3b368d59c52"
  integrity sha512-PlhdFcillOINfeV7Ni6oF1TAEayyZBoZ8bcshTHqOYJYlrqzRK5hagpagky5o4HfCzzd1TRkXPMFq6cKk9rGmA==

size-sensor@^1.0.1:
  version "1.0.1"
  resolved "https://registry.yarnpkg.com/size-sensor/-/size-sensor-1.0.1.tgz#f84e46206d3e259faff1d548e4b3beca93219dbb"
  integrity sha512-QTy7MnuugCFXIedXRpUSk9gUnyNiaxIdxGfUjr8xxXOqIB3QvBUYP9+b51oCg2C4dnhaeNk/h57TxjbvoJrJUA==

ts-config-gm-react-app@^3.0.6:
  version "3.5.0"
  resolved "https://registry.yarnpkg.com/ts-config-gm-react-app/-/ts-config-gm-react-app-3.5.0.tgz#b38829a78d2af690c73f54c31fc758bd1b9c20bf"
  integrity sha512-w6b8a6apkXpRvip4UKZDx5YpJlwkGzG8xVPT2QuT5xIxPCBLTVur9O6jieaSfuWf7H06TfYbx67KafyjM9rZdQ==

tslib@^1.10.0:
  version "1.14.1"
  resolved "https://registry.yarnpkg.com/tslib/-/tslib-1.14.1.tgz#cf2d38bdc34a134bcaf1091c41f6619e2f672d00"
  integrity sha512-Xni35NKzjgMrwevysHTCArtLDpPvye8zV/0E4EyYn43P7/7qvQwPh9BGkHewbMulVntbigmcT7rdX3BNo9wRJg==

tslib@^2.0.0:
  version "2.0.3"
  resolved "https://registry.yarnpkg.com/tslib/-/tslib-2.0.3.tgz#8e0741ac45fc0c226e58a17bfc3e64b9bc6ca61c"
  integrity sha512-uZtkfKblCEQtZKBF6EBXVZeQNl82yqtDQdv+eck8u7tdPxjLu2/lp5/uPW+um2tpuxINHWy3GhiccY7QgEaVHQ==
